// !$*UTF8*$!
{
	archiveVersion = 1;
	classes = {
	};
	objectVersion = 48;
	objects = {

/* Begin PBXBuildFile section */
		5359084F81E950CD463BFAC8 /* Pods_AI_in_iOS.framework in Frameworks */ = {isa = PBXBuildFile; fileRef = FC983ABCB2A0737316CB9E45 /* Pods_AI_in_iOS.framework */; };
		D8C9B4DD20EF0097F4D1D780 /* Pods_AI_in_iOSTests.framework in Frameworks */ = {isa = PBXBuildFile; fileRef = D3C4704F546A22B07240255B /* Pods_AI_in_iOSTests.framework */; };
		DF109D5120B10BB000245DA2 /* GoogleService-Info.plist in Resources */ = {isa = PBXBuildFile; fileRef = DF109D5020B10BB000245DA2 /* GoogleService-Info.plist */; };
		DF1602B6203CAEED0052216D /* ViewUtils.swift in Sources */ = {isa = PBXBuildFile; fileRef = DF1602B5203CAEED0052216D /* ViewUtils.swift */; };
		DF1E96972034CA4B006E6D83 /* NLPDemoViewController.swift in Sources */ = {isa = PBXBuildFile; fileRef = DF1E96962034CA4B006E6D83 /* NLPDemoViewController.swift */; };
		DF37FA9C204B92A100084784 /* tessdata in Resources */ = {isa = PBXBuildFile; fileRef = DF37FA9B204B92A000084784 /* tessdata */; };
		DF78007B202CBD5000AB64AF /* FaceLandmarksDemoViewController.swift in Sources */ = {isa = PBXBuildFile; fileRef = DF78007A202CBD5000AB64AF /* FaceLandmarksDemoViewController.swift */; };
		DF78007D202D0FF500AB64AF /* ApplicationConstants.swift in Sources */ = {isa = PBXBuildFile; fileRef = DF78007C202D0FF500AB64AF /* ApplicationConstants.swift */; };
		DF7B158D2039314A006D0018 /* RealtimeAddonViewController.swift in Sources */ = {isa = PBXBuildFile; fileRef = DF7B158C2039314A006D0018 /* RealtimeAddonViewController.swift */; };
		DF8254B320479DF800F0BB14 /* libz.tbd in Frameworks */ = {isa = PBXBuildFile; fileRef = DF8254B220479DF800F0BB14 /* libz.tbd */; };
		DF8254B92047A07D00F0BB14 /* TesseractOCR.framework in Frameworks */ = {isa = PBXBuildFile; fileRef = DF8254BA2047A07D00F0BB14 /* TesseractOCR.framework */; };
		DF8254BC2047A07E00F0BB14 /* CoreImage.framework in Frameworks */ = {isa = PBXBuildFile; fileRef = DF8254BB2047A07E00F0BB14 /* CoreImage.framework */; };
		DFA3E547203635B100891674 /* NLPUtils.swift in Sources */ = {isa = PBXBuildFile; fileRef = DFA3E546203635B100891674 /* NLPUtils.swift */; };
		DFA3E548203635B100891674 /* NLPUtils.swift in Sources */ = {isa = PBXBuildFile; fileRef = DFA3E546203635B100891674 /* NLPUtils.swift */; };
		DFA3E54E20363A5700891674 /* NLPUtilsSpecs.swift in Sources */ = {isa = PBXBuildFile; fileRef = DFA3E54D20363A5700891674 /* NLPUtilsSpecs.swift */; };
		DFABB7362024CD770074C3E1 /* AppDelegate.swift in Sources */ = {isa = PBXBuildFile; fileRef = DFABB7352024CD770074C3E1 /* AppDelegate.swift */; };
		DFABB7382024CD770074C3E1 /* HomeViewController.swift in Sources */ = {isa = PBXBuildFile; fileRef = DFABB7372024CD770074C3E1 /* HomeViewController.swift */; };
		DFABB73B2024CD770074C3E1 /* Main.storyboard in Resources */ = {isa = PBXBuildFile; fileRef = DFABB7392024CD770074C3E1 /* Main.storyboard */; };
		DFABB73D2024CD770074C3E1 /* Assets.xcassets in Resources */ = {isa = PBXBuildFile; fileRef = DFABB73C2024CD770074C3E1 /* Assets.xcassets */; };
		DFABB7402024CD770074C3E1 /* LaunchScreen.storyboard in Resources */ = {isa = PBXBuildFile; fileRef = DFABB73E2024CD770074C3E1 /* LaunchScreen.storyboard */; };
		DFABB74B2024CD770074C3E1 /* AI_in_iOSTests.swift in Sources */ = {isa = PBXBuildFile; fileRef = DFABB74A2024CD770074C3E1 /* AI_in_iOSTests.swift */; };
		DFAFCAFA2031FE5000556F68 /* ImageAnalysisBaseViewController.swift in Sources */ = {isa = PBXBuildFile; fileRef = DFAFCAF92031FE5000556F68 /* ImageAnalysisBaseViewController.swift */; };
		DFAFCAFC2032006A00556F68 /* BarcodeReadingViewController.swift in Sources */ = {isa = PBXBuildFile; fileRef = DFAFCAFB2032006A00556F68 /* BarcodeReadingViewController.swift */; };
		DFAFCB00203212CC00556F68 /* VisionUtils.swift in Sources */ = {isa = PBXBuildFile; fileRef = DFB489212028F402003FE79B /* VisionUtils.swift */; };
		DFAFCB0120321FB300556F68 /* VisionDemosViewController.swift in Sources */ = {isa = PBXBuildFile; fileRef = DFEE3E232027695500A17295 /* VisionDemosViewController.swift */; };
		DFB489222028F402003FE79B /* VisionUtils.swift in Sources */ = {isa = PBXBuildFile; fileRef = DFB489212028F402003FE79B /* VisionUtils.swift */; };
		DFC7C11020489B31009F1E78 /* OCRUtils.swift in Sources */ = {isa = PBXBuildFile; fileRef = DFC7C10F20489B31009F1E78 /* OCRUtils.swift */; };
		DFC7C11320489CA1009F1E78 /* OCRUtilsSpecs.swift in Sources */ = {isa = PBXBuildFile; fileRef = DFC7C11220489CA1009F1E78 /* OCRUtilsSpecs.swift */; };
		DFC7C11420489F30009F1E78 /* OCRUtils.swift in Sources */ = {isa = PBXBuildFile; fileRef = DFC7C10F20489B31009F1E78 /* OCRUtils.swift */; };
		DFDF749B2032342A00FC8163 /* TestAssets.xcassets in Resources */ = {isa = PBXBuildFile; fileRef = DFDF749A2032342A00FC8163 /* TestAssets.xcassets */; };
		DFE3074D2032330300A604FC /* VisionUtilsSpecs.swift in Sources */ = {isa = PBXBuildFile; fileRef = DFE3074C2032330300A604FC /* VisionUtilsSpecs.swift */; };
		DFEE3E242027695500A17295 /* VisionDemosViewController.swift in Sources */ = {isa = PBXBuildFile; fileRef = DFEE3E232027695500A17295 /* VisionDemosViewController.swift */; };
		DFEE3E272028054400A17295 /* FaceRecognisationDemoViewController.swift in Sources */ = {isa = PBXBuildFile; fileRef = DFEE3E262028054400A17295 /* FaceRecognisationDemoViewController.swift */; };
		DFF0414F204D810800DEC0BB /* VisionConstants.swift in Sources */ = {isa = PBXBuildFile; fileRef = DFF0414E204D810800DEC0BB /* VisionConstants.swift */; };
		DFF730B52033428B00C9B44F /* ClassificationViewController.swift in Sources */ = {isa = PBXBuildFile; fileRef = DFF730B42033428B00C9B44F /* ClassificationViewController.swift */; };
		DFF730B8203346D700C9B44F /* MobileNet.mlmodel in Sources */ = {isa = PBXBuildFile; fileRef = DFF730B7203346D700C9B44F /* MobileNet.mlmodel */; };
		DFF730B9203346D700C9B44F /* MobileNet.mlmodel in Sources */ = {isa = PBXBuildFile; fileRef = DFF730B7203346D700C9B44F /* MobileNet.mlmodel */; };
		DFF730BB2033476C00C9B44F /* CoreMLUtils.swift in Sources */ = {isa = PBXBuildFile; fileRef = DFF730BA2033476C00C9B44F /* CoreMLUtils.swift */; };
		DFF730BC2033476C00C9B44F /* CoreMLUtils.swift in Sources */ = {isa = PBXBuildFile; fileRef = DFF730BA2033476C00C9B44F /* CoreMLUtils.swift */; };
		DFF730BF2033480C00C9B44F /* CoreMLUtilsSpecs.swift in Sources */ = {isa = PBXBuildFile; fileRef = DFF730BE2033480C00C9B44F /* CoreMLUtilsSpecs.swift */; };
		DFF730C4203382BA00C9B44F /* SqueezeNet.mlmodel in Sources */ = {isa = PBXBuildFile; fileRef = DFF730C1203382BA00C9B44F /* SqueezeNet.mlmodel */; };
		DFF730C5203382BA00C9B44F /* SqueezeNet.mlmodel in Sources */ = {isa = PBXBuildFile; fileRef = DFF730C1203382BA00C9B44F /* SqueezeNet.mlmodel */; };
		DFFDF0B5203F70C600B147C4 /* OCRDemoViewController.swift in Sources */ = {isa = PBXBuildFile; fileRef = DFFDF0B4203F70C600B147C4 /* OCRDemoViewController.swift */; };
/* End PBXBuildFile section */

/* Begin PBXContainerItemProxy section */
		DFABB7472024CD770074C3E1 /* PBXContainerItemProxy */ = {
			isa = PBXContainerItemProxy;
			containerPortal = DFABB72A2024CD770074C3E1 /* Project object */;
			proxyType = 1;
			remoteGlobalIDString = DFABB7312024CD770074C3E1;
			remoteInfo = "AI-in-iOS";
		};
/* End PBXContainerItemProxy section */

/* Begin PBXFileReference section */
		0043EEE0C921539439DFEFF4 /* Pods-AI-in-iOSTests.release.xcconfig */ = {isa = PBXFileReference; includeInIndex = 1; lastKnownFileType = text.xcconfig; name = "Pods-AI-in-iOSTests.release.xcconfig"; path = "Pods/Target Support Files/Pods-AI-in-iOSTests/Pods-AI-in-iOSTests.release.xcconfig"; sourceTree = "<group>"; };
		0221CD186E5D772465061831 /* Pods-AI-in-iOSTests.debug.xcconfig */ = {isa = PBXFileReference; includeInIndex = 1; lastKnownFileType = text.xcconfig; name = "Pods-AI-in-iOSTests.debug.xcconfig"; path = "Pods/Target Support Files/Pods-AI-in-iOSTests/Pods-AI-in-iOSTests.debug.xcconfig"; sourceTree = "<group>"; };
		491FA5CE6E81B7F9DFF04426 /* Pods-AI-in-iOS.debug.xcconfig */ = {isa = PBXFileReference; includeInIndex = 1; lastKnownFileType = text.xcconfig; name = "Pods-AI-in-iOS.debug.xcconfig"; path = "Pods/Target Support Files/Pods-AI-in-iOS/Pods-AI-in-iOS.debug.xcconfig"; sourceTree = "<group>"; };
		D3C4704F546A22B07240255B /* Pods_AI_in_iOSTests.framework */ = {isa = PBXFileReference; explicitFileType = wrapper.framework; includeInIndex = 0; path = Pods_AI_in_iOSTests.framework; sourceTree = BUILT_PRODUCTS_DIR; };
		DF109D5020B10BB000245DA2 /* GoogleService-Info.plist */ = {isa = PBXFileReference; fileEncoding = 4; lastKnownFileType = text.plist.xml; path = "GoogleService-Info.plist"; sourceTree = "<group>"; };
		DF1602B5203CAEED0052216D /* ViewUtils.swift */ = {isa = PBXFileReference; lastKnownFileType = sourcecode.swift; path = ViewUtils.swift; sourceTree = "<group>"; };
		DF1E96962034CA4B006E6D83 /* NLPDemoViewController.swift */ = {isa = PBXFileReference; lastKnownFileType = sourcecode.swift; path = NLPDemoViewController.swift; sourceTree = "<group>"; };
		DF37FA9B204B92A000084784 /* tessdata */ = {isa = PBXFileReference; lastKnownFileType = folder; path = tessdata; sourceTree = "<group>"; };
		DF78007A202CBD5000AB64AF /* FaceLandmarksDemoViewController.swift */ = {isa = PBXFileReference; lastKnownFileType = sourcecode.swift; path = FaceLandmarksDemoViewController.swift; sourceTree = "<group>"; };
		DF78007C202D0FF500AB64AF /* ApplicationConstants.swift */ = {isa = PBXFileReference; lastKnownFileType = sourcecode.swift; path = ApplicationConstants.swift; sourceTree = "<group>"; };
		DF7B158C2039314A006D0018 /* RealtimeAddonViewController.swift */ = {isa = PBXFileReference; lastKnownFileType = sourcecode.swift; path = RealtimeAddonViewController.swift; sourceTree = "<group>"; };
		DF8254B220479DF800F0BB14 /* libz.tbd */ = {isa = PBXFileReference; lastKnownFileType = "sourcecode.text-based-dylib-definition"; name = libz.tbd; path = usr/lib/libz.tbd; sourceTree = SDKROOT; };
		DF8254BA2047A07D00F0BB14 /* TesseractOCR.framework */ = {isa = PBXFileReference; explicitFileType = wrapper.framework; path = TesseractOCR.framework; sourceTree = BUILT_PRODUCTS_DIR; };
		DF8254BB2047A07E00F0BB14 /* CoreImage.framework */ = {isa = PBXFileReference; lastKnownFileType = wrapper.framework; name = CoreImage.framework; path = System/Library/Frameworks/CoreImage.framework; sourceTree = SDKROOT; };
		DFA3E546203635B100891674 /* NLPUtils.swift */ = {isa = PBXFileReference; lastKnownFileType = sourcecode.swift; path = NLPUtils.swift; sourceTree = "<group>"; };
		DFA3E54D20363A5700891674 /* NLPUtilsSpecs.swift */ = {isa = PBXFileReference; lastKnownFileType = sourcecode.swift; path = NLPUtilsSpecs.swift; sourceTree = "<group>"; };
		DFABB7322024CD770074C3E1 /* AI-in-iOS.app */ = {isa = PBXFileReference; explicitFileType = wrapper.application; includeInIndex = 0; path = "AI-in-iOS.app"; sourceTree = BUILT_PRODUCTS_DIR; };
		DFABB7352024CD770074C3E1 /* AppDelegate.swift */ = {isa = PBXFileReference; lastKnownFileType = sourcecode.swift; path = AppDelegate.swift; sourceTree = "<group>"; };
		DFABB7372024CD770074C3E1 /* HomeViewController.swift */ = {isa = PBXFileReference; lastKnownFileType = sourcecode.swift; path = HomeViewController.swift; sourceTree = "<group>"; };
		DFABB73A2024CD770074C3E1 /* Base */ = {isa = PBXFileReference; lastKnownFileType = file.storyboard; name = Base; path = Base.lproj/Main.storyboard; sourceTree = "<group>"; };
		DFABB73C2024CD770074C3E1 /* Assets.xcassets */ = {isa = PBXFileReference; lastKnownFileType = folder.assetcatalog; path = Assets.xcassets; sourceTree = "<group>"; };
		DFABB73F2024CD770074C3E1 /* Base */ = {isa = PBXFileReference; lastKnownFileType = file.storyboard; name = Base; path = Base.lproj/LaunchScreen.storyboard; sourceTree = "<group>"; };
		DFABB7412024CD770074C3E1 /* Info.plist */ = {isa = PBXFileReference; lastKnownFileType = text.plist.xml; path = Info.plist; sourceTree = "<group>"; };
		DFABB7462024CD770074C3E1 /* AI-in-iOSTests.xctest */ = {isa = PBXFileReference; explicitFileType = wrapper.cfbundle; includeInIndex = 0; path = "AI-in-iOSTests.xctest"; sourceTree = BUILT_PRODUCTS_DIR; };
		DFABB74A2024CD770074C3E1 /* AI_in_iOSTests.swift */ = {isa = PBXFileReference; lastKnownFileType = sourcecode.swift; path = AI_in_iOSTests.swift; sourceTree = "<group>"; };
		DFABB74C2024CD770074C3E1 /* Info.plist */ = {isa = PBXFileReference; lastKnownFileType = text.plist.xml; path = Info.plist; sourceTree = "<group>"; };
		DFAFCAF92031FE5000556F68 /* ImageAnalysisBaseViewController.swift */ = {isa = PBXFileReference; lastKnownFileType = sourcecode.swift; path = ImageAnalysisBaseViewController.swift; sourceTree = "<group>"; };
		DFAFCAFB2032006A00556F68 /* BarcodeReadingViewController.swift */ = {isa = PBXFileReference; lastKnownFileType = sourcecode.swift; path = BarcodeReadingViewController.swift; sourceTree = "<group>"; };
		DFB489212028F402003FE79B /* VisionUtils.swift */ = {isa = PBXFileReference; lastKnownFileType = sourcecode.swift; path = VisionUtils.swift; sourceTree = "<group>"; };
		DFC7C10F20489B31009F1E78 /* OCRUtils.swift */ = {isa = PBXFileReference; lastKnownFileType = sourcecode.swift; path = OCRUtils.swift; sourceTree = "<group>"; };
		DFC7C11220489CA1009F1E78 /* OCRUtilsSpecs.swift */ = {isa = PBXFileReference; lastKnownFileType = sourcecode.swift; path = OCRUtilsSpecs.swift; sourceTree = "<group>"; };
		DFDF749A2032342A00FC8163 /* TestAssets.xcassets */ = {isa = PBXFileReference; lastKnownFileType = folder.assetcatalog; path = TestAssets.xcassets; sourceTree = "<group>"; };
		DFE3074C2032330300A604FC /* VisionUtilsSpecs.swift */ = {isa = PBXFileReference; lastKnownFileType = sourcecode.swift; path = VisionUtilsSpecs.swift; sourceTree = "<group>"; };
		DFEE3E232027695500A17295 /* VisionDemosViewController.swift */ = {isa = PBXFileReference; lastKnownFileType = sourcecode.swift; path = VisionDemosViewController.swift; sourceTree = "<group>"; };
		DFEE3E262028054400A17295 /* FaceRecognisationDemoViewController.swift */ = {isa = PBXFileReference; lastKnownFileType = sourcecode.swift; path = FaceRecognisationDemoViewController.swift; sourceTree = "<group>"; };
		DFF0414E204D810800DEC0BB /* VisionConstants.swift */ = {isa = PBXFileReference; lastKnownFileType = sourcecode.swift; path = VisionConstants.swift; sourceTree = "<group>"; };
		DFF730B42033428B00C9B44F /* ClassificationViewController.swift */ = {isa = PBXFileReference; lastKnownFileType = sourcecode.swift; path = ClassificationViewController.swift; sourceTree = "<group>"; };
		DFF730B7203346D700C9B44F /* MobileNet.mlmodel */ = {isa = PBXFileReference; lastKnownFileType = file.mlmodel; path = MobileNet.mlmodel; sourceTree = "<group>"; };
		DFF730BA2033476C00C9B44F /* CoreMLUtils.swift */ = {isa = PBXFileReference; lastKnownFileType = sourcecode.swift; path = CoreMLUtils.swift; sourceTree = "<group>"; };
		DFF730BE2033480C00C9B44F /* CoreMLUtilsSpecs.swift */ = {isa = PBXFileReference; lastKnownFileType = sourcecode.swift; path = CoreMLUtilsSpecs.swift; sourceTree = "<group>"; };
		DFF730C1203382BA00C9B44F /* SqueezeNet.mlmodel */ = {isa = PBXFileReference; lastKnownFileType = file.mlmodel; path = SqueezeNet.mlmodel; sourceTree = "<group>"; };
		DFFDF0B4203F70C600B147C4 /* OCRDemoViewController.swift */ = {isa = PBXFileReference; lastKnownFileType = sourcecode.swift; path = OCRDemoViewController.swift; sourceTree = "<group>"; };
		F77A30170845CF53958F5621 /* Pods-AI-in-iOS.release.xcconfig */ = {isa = PBXFileReference; includeInIndex = 1; lastKnownFileType = text.xcconfig; name = "Pods-AI-in-iOS.release.xcconfig"; path = "Pods/Target Support Files/Pods-AI-in-iOS/Pods-AI-in-iOS.release.xcconfig"; sourceTree = "<group>"; };
		FC983ABCB2A0737316CB9E45 /* Pods_AI_in_iOS.framework */ = {isa = PBXFileReference; explicitFileType = wrapper.framework; includeInIndex = 0; path = Pods_AI_in_iOS.framework; sourceTree = BUILT_PRODUCTS_DIR; };
/* End PBXFileReference section */

/* Begin PBXFrameworksBuildPhase section */
		DFABB72F2024CD770074C3E1 /* Frameworks */ = {
			isa = PBXFrameworksBuildPhase;
			buildActionMask = 2147483647;
			files = (
				DF8254BC2047A07E00F0BB14 /* CoreImage.framework in Frameworks */,
				DF8254B92047A07D00F0BB14 /* TesseractOCR.framework in Frameworks */,
				DF8254B320479DF800F0BB14 /* libz.tbd in Frameworks */,
				5359084F81E950CD463BFAC8 /* Pods_AI_in_iOS.framework in Frameworks */,
			);
			runOnlyForDeploymentPostprocessing = 0;
		};
		DFABB7432024CD770074C3E1 /* Frameworks */ = {
			isa = PBXFrameworksBuildPhase;
			buildActionMask = 2147483647;
			files = (
				D8C9B4DD20EF0097F4D1D780 /* Pods_AI_in_iOSTests.framework in Frameworks */,
			);
			runOnlyForDeploymentPostprocessing = 0;
		};
/* End PBXFrameworksBuildPhase section */

/* Begin PBXGroup section */
		C1684B12BEBFAF40DFE49B74 /* Pods */ = {
			isa = PBXGroup;
			children = (
				491FA5CE6E81B7F9DFF04426 /* Pods-AI-in-iOS.debug.xcconfig */,
				F77A30170845CF53958F5621 /* Pods-AI-in-iOS.release.xcconfig */,
				0221CD186E5D772465061831 /* Pods-AI-in-iOSTests.debug.xcconfig */,
				0043EEE0C921539439DFEFF4 /* Pods-AI-in-iOSTests.release.xcconfig */,
			);
			name = Pods;
			sourceTree = "<group>";
		};
		D57A8C241EF14FD623A79442 /* Frameworks */ = {
			isa = PBXGroup;
			children = (
				DF8254BB2047A07E00F0BB14 /* CoreImage.framework */,
				DF8254BA2047A07D00F0BB14 /* TesseractOCR.framework */,
				DF8254B220479DF800F0BB14 /* libz.tbd */,
				FC983ABCB2A0737316CB9E45 /* Pods_AI_in_iOS.framework */,
				D3C4704F546A22B07240255B /* Pods_AI_in_iOSTests.framework */,
			);
			name = Frameworks;
			sourceTree = "<group>";
		};
		DF1602B7203CAEF80052216D /* Share */ = {
			isa = PBXGroup;
			children = (
				DFAFCAF92031FE5000556F68 /* ImageAnalysisBaseViewController.swift */,
				DF1602B5203CAEED0052216D /* ViewUtils.swift */,
			);
			path = Share;
			sourceTree = "<group>";
		};
		DF1E96952034C9DC006E6D83 /* NLP */ = {
			isa = PBXGroup;
			children = (
				DF1E96962034CA4B006E6D83 /* NLPDemoViewController.swift */,
				DFA3E546203635B100891674 /* NLPUtils.swift */,
			);
			path = NLP;
			sourceTree = "<group>";
		};
		DFA3E5492036372600891674 /* NLP */ = {
			isa = PBXGroup;
			children = (
				DFA3E54D20363A5700891674 /* NLPUtilsSpecs.swift */,
			);
			path = NLP;
			sourceTree = "<group>";
		};
		DFABB7292024CD770074C3E1 = {
			isa = PBXGroup;
			children = (
				DF37FA9B204B92A000084784 /* tessdata */,
				DFABB7342024CD770074C3E1 /* AI-in-iOS */,
				DFABB7492024CD770074C3E1 /* AI-in-iOSTests */,
				DFABB7332024CD770074C3E1 /* Products */,
				C1684B12BEBFAF40DFE49B74 /* Pods */,
				D57A8C241EF14FD623A79442 /* Frameworks */,
			);
			sourceTree = "<group>";
		};
		DFABB7332024CD770074C3E1 /* Products */ = {
			isa = PBXGroup;
			children = (
				DFABB7322024CD770074C3E1 /* AI-in-iOS.app */,
				DFABB7462024CD770074C3E1 /* AI-in-iOSTests.xctest */,
			);
			name = Products;
			sourceTree = "<group>";
		};
		DFABB7342024CD770074C3E1 /* AI-in-iOS */ = {
			isa = PBXGroup;
			children = (
				DFFDF0B3203F705300B147C4 /* OCR */,
				DF1E96952034C9DC006E6D83 /* NLP */,
				DFF730B6203344E300C9B44F /* CoreML */,
				DFEE3E252028051100A17295 /* Vision */,
				DF1602B7203CAEF80052216D /* Share */,
				DFABB7352024CD770074C3E1 /* AppDelegate.swift */,
				DF78007C202D0FF500AB64AF /* ApplicationConstants.swift */,
				DFABB7372024CD770074C3E1 /* HomeViewController.swift */,
				DFABB7392024CD770074C3E1 /* Main.storyboard */,
				DFABB73C2024CD770074C3E1 /* Assets.xcassets */,
				DFABB73E2024CD770074C3E1 /* LaunchScreen.storyboard */,
				DFABB7412024CD770074C3E1 /* Info.plist */,
				DF109D5020B10BB000245DA2 /* GoogleService-Info.plist */,
			);
			path = "AI-in-iOS";
			sourceTree = "<group>";
		};
		DFABB7492024CD770074C3E1 /* AI-in-iOSTests */ = {
			isa = PBXGroup;
			children = (
				DFC7C11120489C84009F1E78 /* OCR */,
				DFA3E5492036372600891674 /* NLP */,
				DFF730BD203347F400C9B44F /* CoreML */,
				DFE3074B203232EA00A604FC /* Vision */,
				DFABB74A2024CD770074C3E1 /* AI_in_iOSTests.swift */,
				DFABB74C2024CD770074C3E1 /* Info.plist */,
				DFDF749A2032342A00FC8163 /* TestAssets.xcassets */,
			);
			path = "AI-in-iOSTests";
			sourceTree = "<group>";
		};
		DFC7C11120489C84009F1E78 /* OCR */ = {
			isa = PBXGroup;
			children = (
				DFC7C11220489CA1009F1E78 /* OCRUtilsSpecs.swift */,
			);
			path = OCR;
			sourceTree = "<group>";
		};
		DFE3074B203232EA00A604FC /* Vision */ = {
			isa = PBXGroup;
			children = (
				DFE3074C2032330300A604FC /* VisionUtilsSpecs.swift */,
			);
			path = Vision;
			sourceTree = "<group>";
		};
		DFEE3E252028051100A17295 /* Vision */ = {
			isa = PBXGroup;
			children = (
				DFEE3E232027695500A17295 /* VisionDemosViewController.swift */,
				DFB489212028F402003FE79B /* VisionUtils.swift */,
				DFEE3E262028054400A17295 /* FaceRecognisationDemoViewController.swift */,
				DF78007A202CBD5000AB64AF /* FaceLandmarksDemoViewController.swift */,
				DFAFCAFB2032006A00556F68 /* BarcodeReadingViewController.swift */,
				DFF730B42033428B00C9B44F /* ClassificationViewController.swift */,
				DF7B158C2039314A006D0018 /* RealtimeAddonViewController.swift */,
				DFF0414E204D810800DEC0BB /* VisionConstants.swift */,
			);
			path = Vision;
			sourceTree = "<group>";
		};
		DFF730B6203344E300C9B44F /* CoreML */ = {
			isa = PBXGroup;
			children = (
				DFF730C1203382BA00C9B44F /* SqueezeNet.mlmodel */,
				DFF730B7203346D700C9B44F /* MobileNet.mlmodel */,
				DFF730BA2033476C00C9B44F /* CoreMLUtils.swift */,
			);
			path = CoreML;
			sourceTree = "<group>";
		};
		DFF730BD203347F400C9B44F /* CoreML */ = {
			isa = PBXGroup;
			children = (
				DFF730BE2033480C00C9B44F /* CoreMLUtilsSpecs.swift */,
			);
			path = CoreML;
			sourceTree = "<group>";
		};
		DFFDF0B3203F705300B147C4 /* OCR */ = {
			isa = PBXGroup;
			children = (
				DFFDF0B4203F70C600B147C4 /* OCRDemoViewController.swift */,
				DFC7C10F20489B31009F1E78 /* OCRUtils.swift */,
			);
			path = OCR;
			sourceTree = "<group>";
		};
/* End PBXGroup section */

/* Begin PBXNativeTarget section */
		DFABB7312024CD770074C3E1 /* AI-in-iOS */ = {
			isa = PBXNativeTarget;
			buildConfigurationList = DFABB74F2024CD770074C3E1 /* Build configuration list for PBXNativeTarget "AI-in-iOS" */;
			buildPhases = (
				FC3B090D14F0BD65C4114E2C /* [CP] Check Pods Manifest.lock */,
				DFABB72E2024CD770074C3E1 /* Sources */,
				DFABB72F2024CD770074C3E1 /* Frameworks */,
				DFABB7302024CD770074C3E1 /* Resources */,
				BACA22C592176A91CE433EC1 /* [CP] Embed Pods Frameworks */,
				DFCF2F94204C3AAE008E4A7C /* ShellScript */,
			);
			buildRules = (
			);
			dependencies = (
			);
			name = "AI-in-iOS";
			productName = "AI-in-iOS";
			productReference = DFABB7322024CD770074C3E1 /* AI-in-iOS.app */;
			productType = "com.apple.product-type.application";
		};
		DFABB7452024CD770074C3E1 /* AI-in-iOSTests */ = {
			isa = PBXNativeTarget;
			buildConfigurationList = DFABB7522024CD770074C3E1 /* Build configuration list for PBXNativeTarget "AI-in-iOSTests" */;
			buildPhases = (
				F4EB949886506CCD0D3DB6F9 /* [CP] Check Pods Manifest.lock */,
				DFABB7422024CD770074C3E1 /* Sources */,
				DFABB7432024CD770074C3E1 /* Frameworks */,
				DFABB7442024CD770074C3E1 /* Resources */,
				81C2A930E33217D569E5AA11 /* [CP] Embed Pods Frameworks */,
			);
			buildRules = (
			);
			dependencies = (
				DFABB7482024CD770074C3E1 /* PBXTargetDependency */,
			);
			name = "AI-in-iOSTests";
			productName = "AI-in-iOSTests";
			productReference = DFABB7462024CD770074C3E1 /* AI-in-iOSTests.xctest */;
			productType = "com.apple.product-type.bundle.unit-test";
		};
/* End PBXNativeTarget section */

/* Begin PBXProject section */
		DFABB72A2024CD770074C3E1 /* Project object */ = {
			isa = PBXProject;
			attributes = {
				LastSwiftUpdateCheck = 0920;
				LastUpgradeCheck = 0920;
				ORGANIZATIONNAME = "Xianning Liu ";
				TargetAttributes = {
					DFABB7312024CD770074C3E1 = {
						CreatedOnToolsVersion = 9.2;
						ProvisioningStyle = Automatic;
					};
					DFABB7452024CD770074C3E1 = {
						CreatedOnToolsVersion = 9.2;
						ProvisioningStyle = Automatic;
						TestTargetID = DFABB7312024CD770074C3E1;
					};
				};
			};
			buildConfigurationList = DFABB72D2024CD770074C3E1 /* Build configuration list for PBXProject "AI-in-iOS" */;
			compatibilityVersion = "Xcode 8.0";
			developmentRegion = en;
			hasScannedForEncodings = 0;
			knownRegions = (
				en,
				Base,
			);
			mainGroup = DFABB7292024CD770074C3E1;
			productRefGroup = DFABB7332024CD770074C3E1 /* Products */;
			projectDirPath = "";
			projectRoot = "";
			targets = (
				DFABB7312024CD770074C3E1 /* AI-in-iOS */,
				DFABB7452024CD770074C3E1 /* AI-in-iOSTests */,
			);
		};
/* End PBXProject section */

/* Begin PBXResourcesBuildPhase section */
		DFABB7302024CD770074C3E1 /* Resources */ = {
			isa = PBXResourcesBuildPhase;
			buildActionMask = 2147483647;
			files = (
				DFABB7402024CD770074C3E1 /* LaunchScreen.storyboard in Resources */,
				DF37FA9C204B92A100084784 /* tessdata in Resources */,
				DF109D5120B10BB000245DA2 /* GoogleService-Info.plist in Resources */,
				DFABB73D2024CD770074C3E1 /* Assets.xcassets in Resources */,
				DFABB73B2024CD770074C3E1 /* Main.storyboard in Resources */,
			);
			runOnlyForDeploymentPostprocessing = 0;
		};
		DFABB7442024CD770074C3E1 /* Resources */ = {
			isa = PBXResourcesBuildPhase;
			buildActionMask = 2147483647;
			files = (
				DFDF749B2032342A00FC8163 /* TestAssets.xcassets in Resources */,
			);
			runOnlyForDeploymentPostprocessing = 0;
		};
/* End PBXResourcesBuildPhase section */

/* Begin PBXShellScriptBuildPhase section */
		81C2A930E33217D569E5AA11 /* [CP] Embed Pods Frameworks */ = {
			isa = PBXShellScriptBuildPhase;
			buildActionMask = 2147483647;
			files = (
			);
			inputPaths = (
				"${SRCROOT}/Pods/Target Support Files/Pods-AI-in-iOSTests/Pods-AI-in-iOSTests-frameworks.sh",
				"${BUILT_PRODUCTS_DIR}/Nimble/Nimble.framework",
				"${BUILT_PRODUCTS_DIR}/Quick/Quick.framework",
			);
			name = "[CP] Embed Pods Frameworks";
			outputPaths = (
				"${TARGET_BUILD_DIR}/${FRAMEWORKS_FOLDER_PATH}/Nimble.framework",
				"${TARGET_BUILD_DIR}/${FRAMEWORKS_FOLDER_PATH}/Quick.framework",
			);
			runOnlyForDeploymentPostprocessing = 0;
			shellPath = /bin/sh;
			shellScript = "\"${SRCROOT}/Pods/Target Support Files/Pods-AI-in-iOSTests/Pods-AI-in-iOSTests-frameworks.sh\"\n";
			showEnvVarsInLog = 0;
		};
		BACA22C592176A91CE433EC1 /* [CP] Embed Pods Frameworks */ = {
			isa = PBXShellScriptBuildPhase;
			buildActionMask = 2147483647;
			files = (
			);
			inputPaths = (
				"${SRCROOT}/Pods/Target Support Files/Pods-AI-in-iOS/Pods-AI-in-iOS-frameworks.sh",
				"${BUILT_PRODUCTS_DIR}/GTMSessionFetcher/GTMSessionFetcher.framework",
				"${BUILT_PRODUCTS_DIR}/GoogleAPIClientForREST/GoogleAPIClientForREST.framework",
				"${BUILT_PRODUCTS_DIR}/GoogleToolboxForMac/GoogleToolboxForMac.framework",
				"${BUILT_PRODUCTS_DIR}/Protobuf/Protobuf.framework",
				"${BUILT_PRODUCTS_DIR}/SnapKit/SnapKit.framework",
				"${BUILT_PRODUCTS_DIR}/TesseractOCRiOS/TesseractOCR.framework",
				"${BUILT_PRODUCTS_DIR}/nanopb/nanopb.framework",
			);
			name = "[CP] Embed Pods Frameworks";
			outputPaths = (
				"${TARGET_BUILD_DIR}/${FRAMEWORKS_FOLDER_PATH}/GTMSessionFetcher.framework",
				"${TARGET_BUILD_DIR}/${FRAMEWORKS_FOLDER_PATH}/GoogleAPIClientForREST.framework",
				"${TARGET_BUILD_DIR}/${FRAMEWORKS_FOLDER_PATH}/GoogleToolboxForMac.framework",
				"${TARGET_BUILD_DIR}/${FRAMEWORKS_FOLDER_PATH}/Protobuf.framework",
				"${TARGET_BUILD_DIR}/${FRAMEWORKS_FOLDER_PATH}/SnapKit.framework",
				"${TARGET_BUILD_DIR}/${FRAMEWORKS_FOLDER_PATH}/TesseractOCR.framework",
				"${TARGET_BUILD_DIR}/${FRAMEWORKS_FOLDER_PATH}/nanopb.framework",
			);
			runOnlyForDeploymentPostprocessing = 0;
			shellPath = /bin/sh;
			shellScript = "\"${SRCROOT}/Pods/Target Support Files/Pods-AI-in-iOS/Pods-AI-in-iOS-frameworks.sh\"\n";
			showEnvVarsInLog = 0;
		};
		DFCF2F94204C3AAE008E4A7C /* ShellScript */ = {
			isa = PBXShellScriptBuildPhase;
			buildActionMask = 2147483647;
			files = (
			);
			inputPaths = (
			);
			outputPaths = (
			);
			runOnlyForDeploymentPostprocessing = 0;
			shellPath = /bin/sh;
			shellScript = "if which swiftlint >/dev/null; then\nswiftlint\nelse\necho \"warning: SwiftLint not installed, download from https://github.com/realm/SwiftLint\"\nfi";
		};
		F4EB949886506CCD0D3DB6F9 /* [CP] Check Pods Manifest.lock */ = {
			isa = PBXShellScriptBuildPhase;
			buildActionMask = 2147483647;
			files = (
			);
			inputPaths = (
				"${PODS_PODFILE_DIR_PATH}/Podfile.lock",
				"${PODS_ROOT}/Manifest.lock",
			);
			name = "[CP] Check Pods Manifest.lock";
			outputPaths = (
				"$(DERIVED_FILE_DIR)/Pods-AI-in-iOSTests-checkManifestLockResult.txt",
			);
			runOnlyForDeploymentPostprocessing = 0;
			shellPath = /bin/sh;
			shellScript = "diff \"${PODS_PODFILE_DIR_PATH}/Podfile.lock\" \"${PODS_ROOT}/Manifest.lock\" > /dev/null\nif [ $? != 0 ] ; then\n    # print error to STDERR\n    echo \"error: The sandbox is not in sync with the Podfile.lock. Run 'pod install' or update your CocoaPods installation.\" >&2\n    exit 1\nfi\n# This output is used by Xcode 'outputs' to avoid re-running this script phase.\necho \"SUCCESS\" > \"${SCRIPT_OUTPUT_FILE_0}\"\n";
			showEnvVarsInLog = 0;
		};
		FC3B090D14F0BD65C4114E2C /* [CP] Check Pods Manifest.lock */ = {
			isa = PBXShellScriptBuildPhase;
			buildActionMask = 2147483647;
			files = (
			);
			inputPaths = (
				"${PODS_PODFILE_DIR_PATH}/Podfile.lock",
				"${PODS_ROOT}/Manifest.lock",
			);
			name = "[CP] Check Pods Manifest.lock";
			outputPaths = (
				"$(DERIVED_FILE_DIR)/Pods-AI-in-iOS-checkManifestLockResult.txt",
			);
			runOnlyForDeploymentPostprocessing = 0;
			shellPath = /bin/sh;
			shellScript = "diff \"${PODS_PODFILE_DIR_PATH}/Podfile.lock\" \"${PODS_ROOT}/Manifest.lock\" > /dev/null\nif [ $? != 0 ] ; then\n    # print error to STDERR\n    echo \"error: The sandbox is not in sync with the Podfile.lock. Run 'pod install' or update your CocoaPods installation.\" >&2\n    exit 1\nfi\n# This output is used by Xcode 'outputs' to avoid re-running this script phase.\necho \"SUCCESS\" > \"${SCRIPT_OUTPUT_FILE_0}\"\n";
			showEnvVarsInLog = 0;
		};
/* End PBXShellScriptBuildPhase section */

/* Begin PBXSourcesBuildPhase section */
		DFABB72E2024CD770074C3E1 /* Sources */ = {
			isa = PBXSourcesBuildPhase;
			buildActionMask = 2147483647;
			files = (
				DFFDF0B5203F70C600B147C4 /* OCRDemoViewController.swift in Sources */,
				DFAFCAFC2032006A00556F68 /* BarcodeReadingViewController.swift in Sources */,
				DFEE3E272028054400A17295 /* FaceRecognisationDemoViewController.swift in Sources */,
				DFF730C4203382BA00C9B44F /* SqueezeNet.mlmodel in Sources */,
				DFA3E547203635B100891674 /* NLPUtils.swift in Sources */,
				DFF0414F204D810800DEC0BB /* VisionConstants.swift in Sources */,
				DFAFCAFA2031FE5000556F68 /* ImageAnalysisBaseViewController.swift in Sources */,
				DFC7C11020489B31009F1E78 /* OCRUtils.swift in Sources */,
				DFF730BB2033476C00C9B44F /* CoreMLUtils.swift in Sources */,
				DFB489222028F402003FE79B /* VisionUtils.swift in Sources */,
				DFEE3E242027695500A17295 /* VisionDemosViewController.swift in Sources */,
				DF7B158D2039314A006D0018 /* RealtimeAddonViewController.swift in Sources */,
				DFABB7382024CD770074C3E1 /* HomeViewController.swift in Sources */,
				DF78007B202CBD5000AB64AF /* FaceLandmarksDemoViewController.swift in Sources */,
				DFABB7362024CD770074C3E1 /* AppDelegate.swift in Sources */,
				DFF730B8203346D700C9B44F /* MobileNet.mlmodel in Sources */,
				DFF730B52033428B00C9B44F /* ClassificationViewController.swift in Sources */,
				DF1E96972034CA4B006E6D83 /* NLPDemoViewController.swift in Sources */,
				DF78007D202D0FF500AB64AF /* ApplicationConstants.swift in Sources */,
				DF1602B6203CAEED0052216D /* ViewUtils.swift in Sources */,
			);
			runOnlyForDeploymentPostprocessing = 0;
		};
		DFABB7422024CD770074C3E1 /* Sources */ = {
			isa = PBXSourcesBuildPhase;
			buildActionMask = 2147483647;
			files = (
				DFA3E548203635B100891674 /* NLPUtils.swift in Sources */,
				DFA3E54E20363A5700891674 /* NLPUtilsSpecs.swift in Sources */,
				DFC7C11420489F30009F1E78 /* OCRUtils.swift in Sources */,
				DFC7C11320489CA1009F1E78 /* OCRUtilsSpecs.swift in Sources */,
				DFABB74B2024CD770074C3E1 /* AI_in_iOSTests.swift in Sources */,
				DFF730C5203382BA00C9B44F /* SqueezeNet.mlmodel in Sources */,
				DFF730B9203346D700C9B44F /* MobileNet.mlmodel in Sources */,
				DFE3074D2032330300A604FC /* VisionUtilsSpecs.swift in Sources */,
				DFF730BF2033480C00C9B44F /* CoreMLUtilsSpecs.swift in Sources */,
				DFF730BC2033476C00C9B44F /* CoreMLUtils.swift in Sources */,
				DFAFCB0120321FB300556F68 /* VisionDemosViewController.swift in Sources */,
				DFAFCB00203212CC00556F68 /* VisionUtils.swift in Sources */,
			);
			runOnlyForDeploymentPostprocessing = 0;
		};
/* End PBXSourcesBuildPhase section */

/* Begin PBXTargetDependency section */
		DFABB7482024CD770074C3E1 /* PBXTargetDependency */ = {
			isa = PBXTargetDependency;
			target = DFABB7312024CD770074C3E1 /* AI-in-iOS */;
			targetProxy = DFABB7472024CD770074C3E1 /* PBXContainerItemProxy */;
		};
/* End PBXTargetDependency section */

/* Begin PBXVariantGroup section */
		DFABB7392024CD770074C3E1 /* Main.storyboard */ = {
			isa = PBXVariantGroup;
			children = (
				DFABB73A2024CD770074C3E1 /* Base */,
			);
			name = Main.storyboard;
			sourceTree = "<group>";
		};
		DFABB73E2024CD770074C3E1 /* LaunchScreen.storyboard */ = {
			isa = PBXVariantGroup;
			children = (
				DFABB73F2024CD770074C3E1 /* Base */,
			);
			name = LaunchScreen.storyboard;
			sourceTree = "<group>";
		};
/* End PBXVariantGroup section */

/* Begin XCBuildConfiguration section */
		DFABB74D2024CD770074C3E1 /* Debug */ = {
			isa = XCBuildConfiguration;
			buildSettings = {
				ALWAYS_SEARCH_USER_PATHS = NO;
				CLANG_ANALYZER_NONNULL = YES;
				CLANG_ANALYZER_NUMBER_OBJECT_CONVERSION = YES_AGGRESSIVE;
				CLANG_CXX_LANGUAGE_STANDARD = "gnu++14";
				CLANG_CXX_LIBRARY = "libc++";
				CLANG_ENABLE_MODULES = YES;
				CLANG_ENABLE_OBJC_ARC = YES;
				CLANG_WARN_BLOCK_CAPTURE_AUTORELEASING = YES;
				CLANG_WARN_BOOL_CONVERSION = YES;
				CLANG_WARN_COMMA = YES;
				CLANG_WARN_CONSTANT_CONVERSION = YES;
				CLANG_WARN_DIRECT_OBJC_ISA_USAGE = YES_ERROR;
				CLANG_WARN_DOCUMENTATION_COMMENTS = YES;
				CLANG_WARN_EMPTY_BODY = YES;
				CLANG_WARN_ENUM_CONVERSION = YES;
				CLANG_WARN_INFINITE_RECURSION = YES;
				CLANG_WARN_INT_CONVERSION = YES;
				CLANG_WARN_NON_LITERAL_NULL_CONVERSION = YES;
				CLANG_WARN_OBJC_LITERAL_CONVERSION = YES;
				CLANG_WARN_OBJC_ROOT_CLASS = YES_ERROR;
				CLANG_WARN_RANGE_LOOP_ANALYSIS = YES;
				CLANG_WARN_STRICT_PROTOTYPES = YES;
				CLANG_WARN_SUSPICIOUS_MOVE = YES;
				CLANG_WARN_UNGUARDED_AVAILABILITY = YES_AGGRESSIVE;
				CLANG_WARN_UNREACHABLE_CODE = YES;
				CLANG_WARN__DUPLICATE_METHOD_MATCH = YES;
				CODE_SIGN_IDENTITY = "iPhone Developer";
				COPY_PHASE_STRIP = NO;
				DEBUG_INFORMATION_FORMAT = dwarf;
				ENABLE_STRICT_OBJC_MSGSEND = YES;
				ENABLE_TESTABILITY = YES;
				GCC_C_LANGUAGE_STANDARD = gnu11;
				GCC_DYNAMIC_NO_PIC = NO;
				GCC_NO_COMMON_BLOCKS = YES;
				GCC_OPTIMIZATION_LEVEL = 0;
				GCC_PREPROCESSOR_DEFINITIONS = (
					"DEBUG=1",
					"$(inherited)",
				);
				GCC_WARN_64_TO_32_BIT_CONVERSION = YES;
				GCC_WARN_ABOUT_RETURN_TYPE = YES_ERROR;
				GCC_WARN_UNDECLARED_SELECTOR = YES;
				GCC_WARN_UNINITIALIZED_AUTOS = YES_AGGRESSIVE;
				GCC_WARN_UNUSED_FUNCTION = YES;
				GCC_WARN_UNUSED_VARIABLE = YES;
				IPHONEOS_DEPLOYMENT_TARGET = 11.2;
				MTL_ENABLE_DEBUG_INFO = YES;
				ONLY_ACTIVE_ARCH = YES;
				SDKROOT = iphoneos;
				SWIFT_ACTIVE_COMPILATION_CONDITIONS = DEBUG;
				SWIFT_OPTIMIZATION_LEVEL = "-Onone";
			};
			name = Debug;
		};
		DFABB74E2024CD770074C3E1 /* Release */ = {
			isa = XCBuildConfiguration;
			buildSettings = {
				ALWAYS_SEARCH_USER_PATHS = NO;
				CLANG_ANALYZER_NONNULL = YES;
				CLANG_ANALYZER_NUMBER_OBJECT_CONVERSION = YES_AGGRESSIVE;
				CLANG_CXX_LANGUAGE_STANDARD = "gnu++14";
				CLANG_CXX_LIBRARY = "libc++";
				CLANG_ENABLE_MODULES = YES;
				CLANG_ENABLE_OBJC_ARC = YES;
				CLANG_WARN_BLOCK_CAPTURE_AUTORELEASING = YES;
				CLANG_WARN_BOOL_CONVERSION = YES;
				CLANG_WARN_COMMA = YES;
				CLANG_WARN_CONSTANT_CONVERSION = YES;
				CLANG_WARN_DIRECT_OBJC_ISA_USAGE = YES_ERROR;
				CLANG_WARN_DOCUMENTATION_COMMENTS = YES;
				CLANG_WARN_EMPTY_BODY = YES;
				CLANG_WARN_ENUM_CONVERSION = YES;
				CLANG_WARN_INFINITE_RECURSION = YES;
				CLANG_WARN_INT_CONVERSION = YES;
				CLANG_WARN_NON_LITERAL_NULL_CONVERSION = YES;
				CLANG_WARN_OBJC_LITERAL_CONVERSION = YES;
				CLANG_WARN_OBJC_ROOT_CLASS = YES_ERROR;
				CLANG_WARN_RANGE_LOOP_ANALYSIS = YES;
				CLANG_WARN_STRICT_PROTOTYPES = YES;
				CLANG_WARN_SUSPICIOUS_MOVE = YES;
				CLANG_WARN_UNGUARDED_AVAILABILITY = YES_AGGRESSIVE;
				CLANG_WARN_UNREACHABLE_CODE = YES;
				CLANG_WARN__DUPLICATE_METHOD_MATCH = YES;
				CODE_SIGN_IDENTITY = "iPhone Developer";
				COPY_PHASE_STRIP = NO;
				DEBUG_INFORMATION_FORMAT = "dwarf-with-dsym";
				ENABLE_NS_ASSERTIONS = NO;
				ENABLE_STRICT_OBJC_MSGSEND = YES;
				GCC_C_LANGUAGE_STANDARD = gnu11;
				GCC_NO_COMMON_BLOCKS = YES;
				GCC_WARN_64_TO_32_BIT_CONVERSION = YES;
				GCC_WARN_ABOUT_RETURN_TYPE = YES_ERROR;
				GCC_WARN_UNDECLARED_SELECTOR = YES;
				GCC_WARN_UNINITIALIZED_AUTOS = YES_AGGRESSIVE;
				GCC_WARN_UNUSED_FUNCTION = YES;
				GCC_WARN_UNUSED_VARIABLE = YES;
				IPHONEOS_DEPLOYMENT_TARGET = 11.2;
				MTL_ENABLE_DEBUG_INFO = NO;
				SDKROOT = iphoneos;
				SWIFT_OPTIMIZATION_LEVEL = "-Owholemodule";
				VALIDATE_PRODUCT = YES;
			};
			name = Release;
		};
		DFABB7502024CD770074C3E1 /* Debug */ = {
			isa = XCBuildConfiguration;
			baseConfigurationReference = 491FA5CE6E81B7F9DFF04426 /* Pods-AI-in-iOS.debug.xcconfig */;
			buildSettings = {
				ASSETCATALOG_COMPILER_APPICON_NAME = AppIcon;
				ASSETCATALOG_COMPILER_LAUNCHIMAGE_NAME = LaunchImage;
				CODE_SIGN_STYLE = Automatic;
				DEVELOPMENT_TEAM = TX44MTV4A5;
				ENABLE_BITCODE = NO;
				INFOPLIST_FILE = "AI-in-iOS/Info.plist";
				LD_RUNPATH_SEARCH_PATHS = "$(inherited) @executable_path/Frameworks";
				PRODUCT_BUNDLE_IDENTIFIER = "xianlinbox.AI-in-iOS";
				PRODUCT_NAME = "$(TARGET_NAME)";
				SWIFT_VERSION = 4.0;
				TARGETED_DEVICE_FAMILY = "1,2";
			};
			name = Debug;
		};
		DFABB7512024CD770074C3E1 /* Release */ = {
			isa = XCBuildConfiguration;
			baseConfigurationReference = F77A30170845CF53958F5621 /* Pods-AI-in-iOS.release.xcconfig */;
			buildSettings = {
				ASSETCATALOG_COMPILER_APPICON_NAME = AppIcon;
				ASSETCATALOG_COMPILER_LAUNCHIMAGE_NAME = LaunchImage;
				CODE_SIGN_STYLE = Automatic;
				DEVELOPMENT_TEAM = TX44MTV4A5;
				ENABLE_BITCODE = NO;
				INFOPLIST_FILE = "AI-in-iOS/Info.plist";
				LD_RUNPATH_SEARCH_PATHS = "$(inherited) @executable_path/Frameworks";
				PRODUCT_BUNDLE_IDENTIFIER = "xianlinbox.AI-in-iOS";
				PRODUCT_NAME = "$(TARGET_NAME)";
				SWIFT_VERSION = 4.0;
				TARGETED_DEVICE_FAMILY = "1,2";
			};
			name = Release;
		};
		DFABB7532024CD770074C3E1 /* Debug */ = {
			isa = XCBuildConfiguration;
			baseConfigurationReference = 0221CD186E5D772465061831 /* Pods-AI-in-iOSTests.debug.xcconfig */;
			buildSettings = {
				ALWAYS_EMBED_SWIFT_STANDARD_LIBRARIES = YES;
				BUNDLE_LOADER = "$(TEST_HOST)";
				CODE_SIGN_STYLE = Automatic;
				DEVELOPMENT_TEAM = TX44MTV4A5;
				INFOPLIST_FILE = "AI-in-iOSTests/Info.plist";
				LD_RUNPATH_SEARCH_PATHS = "$(inherited) @executable_path/Frameworks @loader_path/Frameworks";
				PRODUCT_BUNDLE_IDENTIFIER = "xianlinbox.AI-in-iOSTests";
				PRODUCT_NAME = "$(TARGET_NAME)";
				SWIFT_VERSION = 4.0;
				TARGETED_DEVICE_FAMILY = "1,2";
				TEST_HOST = "$(BUILT_PRODUCTS_DIR)/AI-in-iOS.app/AI-in-iOS";
			};
			name = Debug;
		};
		DFABB7542024CD770074C3E1 /* Release */ = {
			isa = XCBuildConfiguration;
			baseConfigurationReference = 0043EEE0C921539439DFEFF4 /* Pods-AI-in-iOSTests.release.xcconfig */;
			buildSettings = {
				ALWAYS_EMBED_SWIFT_STANDARD_LIBRARIES = YES;
				BUNDLE_LOADER = "$(TEST_HOST)";
				CODE_SIGN_STYLE = Automatic;
				DEVELOPMENT_TEAM = TX44MTV4A5;
				INFOPLIST_FILE = "AI-in-iOSTests/Info.plist";
				LD_RUNPATH_SEARCH_PATHS = "$(inherited) @executable_path/Frameworks @loader_path/Frameworks";
				PRODUCT_BUNDLE_IDENTIFIER = "xianlinbox.AI-in-iOSTests";
				PRODUCT_NAME = "$(TARGET_NAME)";
				SWIFT_VERSION = 4.0;
				TARGETED_DEVICE_FAMILY = "1,2";
				TEST_HOST = "$(BUILT_PRODUCTS_DIR)/AI-in-iOS.app/AI-in-iOS";
			};
			name = Release;
		};
/* End XCBuildConfiguration section */

/* Begin XCConfigurationList section */
		DFABB72D2024CD770074C3E1 /* Build configuration list for PBXProject "AI-in-iOS" */ = {
			isa = XCConfigurationList;
			buildConfigurations = (
				DFABB74D2024CD770074C3E1 /* Debug */,
				DFABB74E2024CD770074C3E1 /* Release */,
			);
			defaultConfigurationIsVisible = 0;
			defaultConfigurationName = Release;
		};
		DFABB74F2024CD770074C3E1 /* Build configuration list for PBXNativeTarget "AI-in-iOS" */ = {
			isa = XCConfigurationList;
			buildConfigurations = (
				DFABB7502024CD770074C3E1 /* Debug */,
				DFABB7512024CD770074C3E1 /* Release */,
			);
			defaultConfigurationIsVisible = 0;
			defaultConfigurationName = Release;
		};
		DFABB7522024CD770074C3E1 /* Build configuration list for PBXNativeTarget "AI-in-iOSTests" */ = {
			isa = XCConfigurationList;
			buildConfigurations = (
				DFABB7532024CD770074C3E1 /* Debug */,
				DFABB7542024CD770074C3E1 /* Release */,
			);
			defaultConfigurationIsVisible = 0;
			defaultConfigurationName = Release;
		};
/* End XCConfigurationList section */
	};
	rootObject = DFABB72A2024CD770074C3E1 /* Project object */;
}
